
Microsoft Visual Studio Solution File, Format Version 12.00
# Visual Studio 15
VisualStudioVersion = 15.0.27428.2043
MinimumVisualStudioVersion = 10.0.40219.1
Project("{FAE04EC0-301F-11D3-BF4B-00C04F79EFBC}") = "Study.Training.Infrastructure", "Study.Training.Infrastructure\Study.Training.Infrastructure.csproj", "{0AEFF47B-1FEC-4A0C-96F6-7C7B6A3A7343}"
EndProject
Global
	GlobalSection(SolutionConfigurationPlatforms) = preSolution
		Debug|Any CPU = Debug|Any CPU
		Release|Any CPU = Release|Any CPU
	EndGlobalSection
	GlobalSection(ProjectConfigurationPlatforms) = postSolution
		{0AEFF47B-1FEC-4A0C-96F6-7C7B6A3A7343}.Debug|Any CPU.ActiveCfg = Debug|Any CPU
		{0AEFF47B-1FEC-4A0C-96F6-7C7B6A3A7343}.Debug|Any CPU.Build.0 = Debug|Any CPU
		{0AEFF47B-1FEC-4A0C-96F6-7C7B6A3A7343}.Release|Any CPU.ActiveCfg = Release|Any CPU
		{0AEFF47B-1FEC-4A0C-96F6-7C7B6A3A7343}.Release|Any CPU.Build.0 = Release|Any CPU
	EndGlobalSection
	GlobalSection(SolutionProperties) = preSolution
		HideSolutionNode = FALSE
	EndGlobalSection
	GlobalSection(ExtensibilityGlobals) = postSolution
		SolutionGuid = {A1C866A4-C4C0-44D3-9E23-C1A5D48CCBC2}
	EndGlobalSection
EndGlobal
